
Microsoft Visual Studio Solution File, Format Version 12.00
# Visual Studio 15
VisualStudioVersion = 15.0.28307.539
MinimumVisualStudioVersion = 10.0.40219.1
Project("{9A19103F-16F7-4668-BE54-9A1E7A4F7556}") = "CaffeFido.Web", "CaffeFido.Web\CaffeFido.Web.csproj", "{8813A9F2-072E-4289-A252-63EAA159B5C3}"
EndProject
Project("{9A19103F-16F7-4668-BE54-9A1E7A4F7556}") = "CaffeFido.Core", "CaffeFido.Core\CaffeFido.Core.csproj", "{9CE07347-FC05-4F85-95C9-988A9A185235}"
EndProject
Project("{9A19103F-16F7-4668-BE54-9A1E7A4F7556}") = "CaffeFido.Infrastructure", "CaffeFido.Infrastructure\CaffeFido.Infrastructure.csproj", "{594261B6-71E4-49C4-8C34-B1B3FA6F7DAF}"
EndProject
Project("{FAE04EC0-301F-11D3-BF4B-00C04F79EFBC}") = "CaffeFido.Console", "CaffeFido.Console\CaffeFido.Console.csproj", "{DE01514D-66B9-46AD-9AF5-4FCA2AA7A90B}"
EndProject
Project("{FAE04EC0-301F-11D3-BF4B-00C04F79EFBC}") = "CaffeFido.Tests", "CaffeFido.Tests\CaffeFido.Tests.csproj", "{C98E5CF4-C945-4BE0-9FBC-74715885D38A}"
EndProject
Global
	GlobalSection(SolutionConfigurationPlatforms) = preSolution
		Debug|Any CPU = Debug|Any CPU
		Release|Any CPU = Release|Any CPU
	EndGlobalSection
	GlobalSection(ProjectConfigurationPlatforms) = postSolution
		{8813A9F2-072E-4289-A252-63EAA159B5C3}.Debug|Any CPU.ActiveCfg = Debug|Any CPU
		{8813A9F2-072E-4289-A252-63EAA159B5C3}.Debug|Any CPU.Build.0 = Debug|Any CPU
		{8813A9F2-072E-4289-A252-63EAA159B5C3}.Release|Any CPU.ActiveCfg = Release|Any CPU
		{8813A9F2-072E-4289-A252-63EAA159B5C3}.Release|Any CPU.Build.0 = Release|Any CPU
		{9CE07347-FC05-4F85-95C9-988A9A185235}.Debug|Any CPU.ActiveCfg = Debug|Any CPU
		{9CE07347-FC05-4F85-95C9-988A9A185235}.Debug|Any CPU.Build.0 = Debug|Any CPU
		{9CE07347-FC05-4F85-95C9-988A9A185235}.Release|Any CPU.ActiveCfg = Release|Any CPU
		{9CE07347-FC05-4F85-95C9-988A9A185235}.Release|Any CPU.Build.0 = Release|Any CPU
		{594261B6-71E4-49C4-8C34-B1B3FA6F7DAF}.Debug|Any CPU.ActiveCfg = Debug|Any CPU
		{594261B6-71E4-49C4-8C34-B1B3FA6F7DAF}.Debug|Any CPU.Build.0 = Debug|Any CPU
		{594261B6-71E4-49C4-8C34-B1B3FA6F7DAF}.Release|Any CPU.ActiveCfg = Release|Any CPU
		{594261B6-71E4-49C4-8C34-B1B3FA6F7DAF}.Release|Any CPU.Build.0 = Release|Any CPU
		{DE01514D-66B9-46AD-9AF5-4FCA2AA7A90B}.Debug|Any CPU.ActiveCfg = Debug|Any CPU
		{DE01514D-66B9-46AD-9AF5-4FCA2AA7A90B}.Debug|Any CPU.Build.0 = Debug|Any CPU
		{DE01514D-66B9-46AD-9AF5-4FCA2AA7A90B}.Release|Any CPU.ActiveCfg = Release|Any CPU
		{DE01514D-66B9-46AD-9AF5-4FCA2AA7A90B}.Release|Any CPU.Build.0 = Release|Any CPU
		{C98E5CF4-C945-4BE0-9FBC-74715885D38A}.Debug|Any CPU.ActiveCfg = Debug|Any CPU
		{C98E5CF4-C945-4BE0-9FBC-74715885D38A}.Debug|Any CPU.Build.0 = Debug|Any CPU
		{C98E5CF4-C945-4BE0-9FBC-74715885D38A}.Release|Any CPU.ActiveCfg = Release|Any CPU
		{C98E5CF4-C945-4BE0-9FBC-74715885D38A}.Release|Any CPU.Build.0 = Release|Any CPU
	EndGlobalSection
	GlobalSection(SolutionProperties) = preSolution
		HideSolutionNode = FALSE
	EndGlobalSection
	GlobalSection(ExtensibilityGlobals) = postSolution
		SolutionGuid = {58A49DD7-1A2C-41E0-A092-3C2B16843694}
	EndGlobalSection
EndGlobal
